
Microsoft Visual Studio Solution File, Format Version 12.00
# Visual Studio Version 17
VisualStudioVersion = 17.0.32014.148
MinimumVisualStudioVersion = 10.0.40219.1
Project("{FAE04EC0-301F-11D3-BF4B-00C04F79EFBC}") = "BossFight@2", "BossFight@2\BossFight@2.csproj", "{64485434-32B7-4A7F-91A0-CC4DC22DE28F}"
EndProject
Global
	GlobalSection(SolutionConfigurationPlatforms) = preSolution
		Debug|Any CPU = Debug|Any CPU
		Release|Any CPU = Release|Any CPU
	EndGlobalSection
	GlobalSection(ProjectConfigurationPlatforms) = postSolution
		{64485434-32B7-4A7F-91A0-CC4DC22DE28F}.Debug|Any CPU.ActiveCfg = Debug|Any CPU
		{64485434-32B7-4A7F-91A0-CC4DC22DE28F}.Debug|Any CPU.Build.0 = Debug|Any CPU
		{64485434-32B7-4A7F-91A0-CC4DC22DE28F}.Release|Any CPU.ActiveCfg = Release|Any CPU
		{64485434-32B7-4A7F-91A0-CC4DC22DE28F}.Release|Any CPU.Build.0 = Release|Any CPU
	EndGlobalSection
	GlobalSection(SolutionProperties) = preSolution
		HideSolutionNode = FALSE
	EndGlobalSection
	GlobalSection(ExtensibilityGlobals) = postSolution
		SolutionGuid = {870285F7-EEE4-453A-A78B-8BF604D8FE4E}
	EndGlobalSection
EndGlobal
